
Microsoft Visual Studio Solution File, Format Version 12.00
# Visual Studio 15
VisualStudioVersion = 15.0.27130.2027
MinimumVisualStudioVersion = 10.0.40219.1
Project("{FAE04EC0-301F-11D3-BF4B-00C04F79EFBC}") = "CRUD_Pessoa_Fisica_Juridica", "CRUD_Pessoa_Fisica_Juridica\CRUD_Pessoa_Fisica_Juridica.csproj", "{7B4BB7AA-7706-4496-A591-8B78425A6A8F}"
EndProject
Project("{FAE04EC0-301F-11D3-BF4B-00C04F79EFBC}") = "CRUD_Pessoa_Fisica_Juridica.Tests", "CRUD_Pessoa_Fisica_Juridica.Tests\CRUD_Pessoa_Fisica_Juridica.Tests.csproj", "{D742B00E-21A6-4A45-A594-F9AE8926A6A7}"
EndProject
Global
	GlobalSection(SolutionConfigurationPlatforms) = preSolution
		Debug|Any CPU = Debug|Any CPU
		Release|Any CPU = Release|Any CPU
	EndGlobalSection
	GlobalSection(ProjectConfigurationPlatforms) = postSolution
		{7B4BB7AA-7706-4496-A591-8B78425A6A8F}.Debug|Any CPU.ActiveCfg = Debug|Any CPU
		{7B4BB7AA-7706-4496-A591-8B78425A6A8F}.Debug|Any CPU.Build.0 = Debug|Any CPU
		{7B4BB7AA-7706-4496-A591-8B78425A6A8F}.Release|Any CPU.ActiveCfg = Release|Any CPU
		{7B4BB7AA-7706-4496-A591-8B78425A6A8F}.Release|Any CPU.Build.0 = Release|Any CPU
		{D742B00E-21A6-4A45-A594-F9AE8926A6A7}.Debug|Any CPU.ActiveCfg = Debug|Any CPU
		{D742B00E-21A6-4A45-A594-F9AE8926A6A7}.Debug|Any CPU.Build.0 = Debug|Any CPU
		{D742B00E-21A6-4A45-A594-F9AE8926A6A7}.Release|Any CPU.ActiveCfg = Release|Any CPU
		{D742B00E-21A6-4A45-A594-F9AE8926A6A7}.Release|Any CPU.Build.0 = Release|Any CPU
	EndGlobalSection
	GlobalSection(SolutionProperties) = preSolution
		HideSolutionNode = FALSE
	EndGlobalSection
	GlobalSection(ExtensibilityGlobals) = postSolution
		SolutionGuid = {FE3E01D6-464F-4542-BA42-C07935F4FCF3}
	EndGlobalSection
EndGlobal
